PODS:
  - R.swift (5.0.2):
    - R.swift.Library (~> 5.0.0)
  - R.swift.Library (5.0.0)
  - RxAtomic (4.4.1)
  - RxCocoa (4.4.1):
    - RxSwift (~> 4.0)
  - RxSwift (4.4.1):
    - RxAtomic (~> 4.4)

DEPENDENCIES:
  - R.swift
  - RxCocoa (~> 4.0)
  - RxSwift (~> 4.0)

SPEC REPOS:
  https://github.com/cocoapods/specs.git:
    - R.swift
    - R.swift.Library
    - RxAtomic
    - RxCocoa
    - RxSwift

SPEC CHECKSUMS:
  R.swift: 81455d81467763cbd3f4d79d938d05f4ac4c0228
  R.swift.Library: 0bf390e729bc10bb2c9e4fb78bd043164a7be4ff
  RxAtomic: f8d6adc1ccb87a767811269e4875887bc74dbf19
  RxCocoa: 2f35a76bf8887872e28a1914112395b11b8e0e64
  RxSwift: 92fcf68dfef21f3e2ab1965363d9e7b3d787597e

PODFILE CHECKSUM: c5726d41ad59248113c4595bfb808937d7181786

COCOAPODS: 1.5.3
